// !$*UTF8*$!
{
	archiveVersion = 1;
	classes = {
	};
	objectVersion = 46;
	objects = {

/* Begin PBXBuildFile section */
		3F02C80D1DD1182800D111BE /* TasksViewController.swift in Sources */ = {isa = PBXBuildFile; fileRef = 3F02C80C1DD1182800D111BE /* TasksViewController.swift */; };
		3F49D87D1DD2796A00AFD5F7 /* SplitViewController.swift in Sources */ = {isa = PBXBuildFile; fileRef = 3F49D87C1DD2796A00AFD5F7 /* SplitViewController.swift */; };
		3FCCD73A1DCB990300978C4A /* AppDelegate.swift in Sources */ = {isa = PBXBuildFile; fileRef = 3FCCD7391DCB990300978C4A /* AppDelegate.swift */; };
		3FCCD73C1DCB990300978C4A /* ProjectsViewController.swift in Sources */ = {isa = PBXBuildFile; fileRef = 3FCCD73B1DCB990300978C4A /* ProjectsViewController.swift */; };
		3FCCD73F1DCB990300978C4A /* Main.storyboard in Resources */ = {isa = PBXBuildFile; fileRef = 3FCCD73D1DCB990300978C4A /* Main.storyboard */; };
		3FCCD7411DCB990300978C4A /* Assets.xcassets in Resources */ = {isa = PBXBuildFile; fileRef = 3FCCD7401DCB990300978C4A /* Assets.xcassets */; };
		3FCCD7441DCB990300978C4A /* LaunchScreen.storyboard in Resources */ = {isa = PBXBuildFile; fileRef = 3FCCD7421DCB990300978C4A /* LaunchScreen.storyboard */; };
		3FCCD74C1DCB9D2D00978C4A /* Project.swift in Sources */ = {isa = PBXBuildFile; fileRef = 3FCCD74B1DCB9D2D00978C4A /* Project.swift */; };
		3FCCD74E1DCBA0E100978C4A /* Phase.swift in Sources */ = {isa = PBXBuildFile; fileRef = 3FCCD74D1DCBA0E100978C4A /* Phase.swift */; };
		3FCCD7501DCBA17100978C4A /* Task.swift in Sources */ = {isa = PBXBuildFile; fileRef = 3FCCD74F1DCBA17100978C4A /* Task.swift */; };
		3FCCD7521DCBA8A800978C4A /* ProjectStore.swift in Sources */ = {isa = PBXBuildFile; fileRef = 3FCCD7511DCBA8A800978C4A /* ProjectStore.swift */; };
		3FCCD7541DCBCB9500978C4A /* ProjectEditViewController.swift in Sources */ = {isa = PBXBuildFile; fileRef = 3FCCD7531DCBCB9500978C4A /* ProjectEditViewController.swift */; };
		3FE397771DD257D1008AA520 /* ProjectViewController.swift in Sources */ = {isa = PBXBuildFile; fileRef = 3FE397761DD257D1008AA520 /* ProjectViewController.swift */; };
/* End PBXBuildFile section */

/* Begin PBXFileReference section */
		3F02C80C1DD1182800D111BE /* TasksViewController.swift */ = {isa = PBXFileReference; fileEncoding = 4; lastKnownFileType = sourcecode.swift; path = TasksViewController.swift; sourceTree = "<group>"; };
		3F49D87C1DD2796A00AFD5F7 /* SplitViewController.swift */ = {isa = PBXFileReference; fileEncoding = 4; lastKnownFileType = sourcecode.swift; path = SplitViewController.swift; sourceTree = "<group>"; };
		3FCCD7361DCB990200978C4A /* Project Manager.app */ = {isa = PBXFileReference; explicitFileType = wrapper.application; includeInIndex = 0; path = "Project Manager.app"; sourceTree = BUILT_PRODUCTS_DIR; };
		3FCCD7391DCB990300978C4A /* AppDelegate.swift */ = {isa = PBXFileReference; lastKnownFileType = sourcecode.swift; path = AppDelegate.swift; sourceTree = "<group>"; };
		3FCCD73B1DCB990300978C4A /* ProjectsViewController.swift */ = {isa = PBXFileReference; lastKnownFileType = sourcecode.swift; path = ProjectsViewController.swift; sourceTree = "<group>"; };
		3FCCD73E1DCB990300978C4A /* Base */ = {isa = PBXFileReference; lastKnownFileType = file.storyboard; name = Base; path = Base.lproj/Main.storyboard; sourceTree = "<group>"; };
		3FCCD7401DCB990300978C4A /* Assets.xcassets */ = {isa = PBXFileReference; lastKnownFileType = folder.assetcatalog; path = Assets.xcassets; sourceTree = "<group>"; };
		3FCCD7431DCB990300978C4A /* Base */ = {isa = PBXFileReference; lastKnownFileType = file.storyboard; name = Base; path = Base.lproj/LaunchScreen.storyboard; sourceTree = "<group>"; };
		3FCCD7451DCB990300978C4A /* Info.plist */ = {isa = PBXFileReference; lastKnownFileType = text.plist.xml; path = Info.plist; sourceTree = "<group>"; };
		3FCCD74B1DCB9D2D00978C4A /* Project.swift */ = {isa = PBXFileReference; fileEncoding = 4; lastKnownFileType = sourcecode.swift; path = Project.swift; sourceTree = "<group>"; };
		3FCCD74D1DCBA0E100978C4A /* Phase.swift */ = {isa = PBXFileReference; fileEncoding = 4; lastKnownFileType = sourcecode.swift; path = Phase.swift; sourceTree = "<group>"; };
		3FCCD74F1DCBA17100978C4A /* Task.swift */ = {isa = PBXFileReference; fileEncoding = 4; lastKnownFileType = sourcecode.swift; path = Task.swift; sourceTree = "<group>"; };
		3FCCD7511DCBA8A800978C4A /* ProjectStore.swift */ = {isa = PBXFileReference; fileEncoding = 4; lastKnownFileType = sourcecode.swift; path = ProjectStore.swift; sourceTree = "<group>"; };
		3FCCD7531DCBCB9500978C4A /* ProjectEditViewController.swift */ = {isa = PBXFileReference; fileEncoding = 4; lastKnownFileType = sourcecode.swift; path = ProjectEditViewController.swift; sourceTree = "<group>"; };
		3FE397761DD257D1008AA520 /* ProjectViewController.swift */ = {isa = PBXFileReference; fileEncoding = 4; lastKnownFileType = sourcecode.swift; path = ProjectViewController.swift; sourceTree = "<group>"; };
/* End PBXFileReference section */

/* Begin PBXFrameworksBuildPhase section */
		3FCCD7331DCB990200978C4A /* Frameworks */ = {
			isa = PBXFrameworksBuildPhase;
			buildActionMask = 2147483647;
			files = (
			);
			runOnlyForDeploymentPostprocessing = 0;
		};
/* End PBXFrameworksBuildPhase section */

/* Begin PBXGroup section */
		3FCCD72D1DCB990200978C4A = {
			isa = PBXGroup;
			children = (
				3FCCD7381DCB990200978C4A /* Project Manager */,
				3FCCD7371DCB990200978C4A /* Products */,
			);
			sourceTree = "<group>";
		};
		3FCCD7371DCB990200978C4A /* Products */ = {
			isa = PBXGroup;
			children = (
				3FCCD7361DCB990200978C4A /* Project Manager.app */,
			);
			name = Products;
			sourceTree = "<group>";
		};
		3FCCD7381DCB990200978C4A /* Project Manager */ = {
			isa = PBXGroup;
			children = (
				3FE397761DD257D1008AA520 /* ProjectViewController.swift */,
				3FCCD7391DCB990300978C4A /* AppDelegate.swift */,
				3FCCD73B1DCB990300978C4A /* ProjectsViewController.swift */,
				3FCCD73D1DCB990300978C4A /* Main.storyboard */,
				3FCCD7401DCB990300978C4A /* Assets.xcassets */,
				3FCCD7421DCB990300978C4A /* LaunchScreen.storyboard */,
				3FCCD7451DCB990300978C4A /* Info.plist */,
				3FCCD74B1DCB9D2D00978C4A /* Project.swift */,
				3FCCD74D1DCBA0E100978C4A /* Phase.swift */,
				3FCCD74F1DCBA17100978C4A /* Task.swift */,
				3FCCD7511DCBA8A800978C4A /* ProjectStore.swift */,
				3FCCD7531DCBCB9500978C4A /* ProjectEditViewController.swift */,
				3F02C80C1DD1182800D111BE /* TasksViewController.swift */,
				3F49D87C1DD2796A00AFD5F7 /* SplitViewController.swift */,
			);
			path = "Project Manager";
			sourceTree = "<group>";
		};
/* End PBXGroup section */

/* Begin PBXNativeTarget section */
		3FCCD7351DCB990200978C4A /* Project Manager */ = {
			isa = PBXNativeTarget;
			buildConfigurationList = 3FCCD7481DCB990300978C4A /* Build configuration list for PBXNativeTarget "Project Manager" */;
			buildPhases = (
				3FCCD7321DCB990200978C4A /* Sources */,
				3FCCD7331DCB990200978C4A /* Frameworks */,
				3FCCD7341DCB990200978C4A /* Resources */,
			);
			buildRules = (
			);
			dependencies = (
			);
			name = "Project Manager";
			productName = "Project Manager";
			productReference = 3FCCD7361DCB990200978C4A /* Project Manager.app */;
			productType = "com.apple.product-type.application";
		};
/* End PBXNativeTarget section */

/* Begin PBXProject section */
		3FCCD72E1DCB990200978C4A /* Project object */ = {
			isa = PBXProject;
			attributes = {
				LastSwiftUpdateCheck = 0730;
				LastUpgradeCheck = 0730;
				ORGANIZATIONNAME = "Hunter Pollpeter";
				TargetAttributes = {
					3FCCD7351DCB990200978C4A = {
						CreatedOnToolsVersion = 7.3.1;
					};
				};
			};
			buildConfigurationList = 3FCCD7311DCB990200978C4A /* Build configuration list for PBXProject "Project Manager" */;
			compatibilityVersion = "Xcode 3.2";
			developmentRegion = English;
			hasScannedForEncodings = 0;
			knownRegions = (
				en,
				Base,
			);
			mainGroup = 3FCCD72D1DCB990200978C4A;
			productRefGroup = 3FCCD7371DCB990200978C4A /* Products */;
			projectDirPath = "";
			projectRoot = "";
			targets = (
				3FCCD7351DCB990200978C4A /* Project Manager */,
			);
		};
/* End PBXProject section */

/* Begin PBXResourcesBuildPhase section */
		3FCCD7341DCB990200978C4A /* Resources */ = {
			isa = PBXResourcesBuildPhase;
			buildActionMask = 2147483647;
			files = (
				3FCCD7441DCB990300978C4A /* LaunchScreen.storyboard in Resources */,
				3FCCD7411DCB990300978C4A /* Assets.xcassets in Resources */,
				3FCCD73F1DCB990300978C4A /* Main.storyboard in Resources */,
			);
			runOnlyForDeploymentPostprocessing = 0;
		};
/* End PBXResourcesBuildPhase section */

/* Begin PBXSourcesBuildPhase section */
		3FCCD7321DCB990200978C4A /* Sources */ = {
			isa = PBXSourcesBuildPhase;
			buildActionMask = 2147483647;
			files = (
				3FE397771DD257D1008AA520 /* ProjectViewController.swift in Sources */,
				3FCCD73C1DCB990300978C4A /* ProjectsViewController.swift in Sources */,
				3FCCD7521DCBA8A800978C4A /* ProjectStore.swift in Sources */,
				3FCCD73A1DCB990300978C4A /* AppDelegate.swift in Sources */,
				3FCCD7541DCBCB9500978C4A /* ProjectEditViewController.swift in Sources */,
				3F49D87D1DD2796A00AFD5F7 /* SplitViewController.swift in Sources */,
				3FCCD7501DCBA17100978C4A /* Task.swift in Sources */,
				3FCCD74C1DCB9D2D00978C4A /* Project.swift in Sources */,
				3FCCD74E1DCBA0E100978C4A /* Phase.swift in Sources */,
				3F02C80D1DD1182800D111BE /* TasksViewController.swift in Sources */,
			);
			runOnlyForDeploymentPostprocessing = 0;
		};
/* End PBXSourcesBuildPhase section */

/* Begin PBXVariantGroup section */
		3FCCD73D1DCB990300978C4A /* Main.storyboard */ = {
			isa = PBXVariantGroup;
			children = (
				3FCCD73E1DCB990300978C4A /* Base */,
			);
			name = Main.storyboard;
			sourceTree = "<group>";
		};
		3FCCD7421DCB990300978C4A /* LaunchScreen.storyboard */ = {
			isa = PBXVariantGroup;
			children = (
				3FCCD7431DCB990300978C4A /* Base */,
			);
			name = LaunchScreen.storyboard;
			sourceTree = "<group>";
		};
/* End PBXVariantGroup section */

/* Begin XCBuildConfiguration section */
		3FCCD7461DCB990300978C4A /* Debug */ = {
			isa = XCBuildConfiguration;
			buildSettings = {
				ALWAYS_SEARCH_USER_PATHS = NO;
				CLANG_ANALYZER_NONNULL = YES;
				CLANG_CXX_LANGUAGE_STANDARD = "gnu++0x";
				CLANG_CXX_LIBRARY = "libc++";
				CLANG_ENABLE_MODULES = YES;
				CLANG_ENABLE_OBJC_ARC = YES;
				CLANG_WARN_BOOL_CONVERSION = YES;
				CLANG_WARN_CONSTANT_CONVERSION = YES;
				CLANG_WARN_DIRECT_OBJC_ISA_USAGE = YES_ERROR;
				CLANG_WARN_EMPTY_BODY = YES;
				CLANG_WARN_ENUM_CONVERSION = YES;
				CLANG_WARN_INT_CONVERSION = YES;
				CLANG_WARN_OBJC_ROOT_CLASS = YES_ERROR;
				CLANG_WARN_UNREACHABLE_CODE = YES;
				CLANG_WARN__DUPLICATE_METHOD_MATCH = YES;
				"CODE_SIGN_IDENTITY[sdk=iphoneos*]" = "iPhone Developer";
				COPY_PHASE_STRIP = NO;
				DEBUG_INFORMATION_FORMAT = dwarf;
				ENABLE_STRICT_OBJC_MSGSEND = YES;
				ENABLE_TESTABILITY = YES;
				GCC_C_LANGUAGE_STANDARD = gnu99;
				GCC_DYNAMIC_NO_PIC = NO;
				GCC_NO_COMMON_BLOCKS = YES;
				GCC_OPTIMIZATION_LEVEL = 0;
				GCC_PREPROCESSOR_DEFINITIONS = (
					"DEBUG=1",
					"$(inherited)",
				);
				GCC_WARN_64_TO_32_BIT_CONVERSION = YES;
				GCC_WARN_ABOUT_RETURN_TYPE = YES_ERROR;
				GCC_WARN_UNDECLARED_SELECTOR = YES;
				GCC_WARN_UNINITIALIZED_AUTOS = YES_AGGRESSIVE;
				GCC_WARN_UNUSED_FUNCTION = YES;
				GCC_WARN_UNUSED_VARIABLE = YES;
				IPHONEOS_DEPLOYMENT_TARGET = 9.3;
				MTL_ENABLE_DEBUG_INFO = YES;
				ONLY_ACTIVE_ARCH = YES;
				SDKROOT = iphoneos;
				SWIFT_OPTIMIZATION_LEVEL = "-Onone";
				TARGETED_DEVICE_FAMILY = "1,2";
			};
			name = Debug;
		};
		3FCCD7471DCB990300978C4A /* Release */ = {
			isa = XCBuildConfiguration;
			buildSettings = {
				ALWAYS_SEARCH_USER_PATHS = NO;
				CLANG_ANALYZER_NONNULL = YES;
				CLANG_CXX_LANGUAGE_STANDARD = "gnu++0x";
				CLANG_CXX_LIBRARY = "libc++";
				CLANG_ENABLE_MODULES = YES;
				CLANG_ENABLE_OBJC_ARC = YES;
				CLANG_WARN_BOOL_CONVERSION = YES;
				CLANG_WARN_CONSTANT_CONVERSION = YES;
				CLANG_WARN_DIRECT_OBJC_ISA_USAGE = YES_ERROR;
				CLANG_WARN_EMPTY_BODY = YES;
				CLANG_WARN_ENUM_CONVERSION = YES;
				CLANG_WARN_INT_CONVERSION = YES;
				CLANG_WARN_OBJC_ROOT_CLASS = YES_ERROR;
				CLANG_WARN_UNREACHABLE_CODE = YES;
				CLANG_WARN__DUPLICATE_METHOD_MATCH = YES;
				"CODE_SIGN_IDENTITY[sdk=iphoneos*]" = "iPhone Developer";
				COPY_PHASE_STRIP = NO;
				DEBUG_INFORMATION_FORMAT = "dwarf-with-dsym";
				ENABLE_NS_ASSERTIONS = NO;
				ENABLE_STRICT_OBJC_MSGSEND = YES;
				GCC_C_LANGUAGE_STANDARD = gnu99;
				GCC_NO_COMMON_BLOCKS = YES;
				GCC_WARN_64_TO_32_BIT_CONVERSION = YES;
				GCC_WARN_ABOUT_RETURN_TYPE = YES_ERROR;
				GCC_WARN_UNDECLARED_SELECTOR = YES;
				GCC_WARN_UNINITIALIZED_AUTOS = YES_AGGRESSIVE;
				GCC_WARN_UNUSED_FUNCTION = YES;
				GCC_WARN_UNUSED_VARIABLE = YES;
				IPHONEOS_DEPLOYMENT_TARGET = 9.3;
				MTL_ENABLE_DEBUG_INFO = NO;
				SDKROOT = iphoneos;
				TARGETED_DEVICE_FAMILY = "1,2";
				VALIDATE_PRODUCT = YES;
			};
			name = Release;
		};
		3FCCD7491DCB990300978C4A /* Debug */ = {
			isa = XCBuildConfiguration;
			buildSettings = {
				ASSETCATALOG_COMPILER_APPICON_NAME = AppIcon;
				INFOPLIST_FILE = "Project Manager/Info.plist";
				LD_RUNPATH_SEARCH_PATHS = "$(inherited) @executable_path/Frameworks";
				PRODUCT_BUNDLE_IDENTIFIER = "edu.central.pollpeterh1.Project-Manager";
				PRODUCT_NAME = "$(TARGET_NAME)";
			};
			name = Debug;
		};
		3FCCD74A1DCB990300978C4A /* Release */ = {
			isa = XCBuildConfiguration;
			buildSettings = {
				ASSETCATALOG_COMPILER_APPICON_NAME = AppIcon;
				INFOPLIST_FILE = "Project Manager/Info.plist";
				LD_RUNPATH_SEARCH_PATHS = "$(inherited) @executable_path/Frameworks";
				PRODUCT_BUNDLE_IDENTIFIER = "edu.central.pollpeterh1.Project-Manager";
				PRODUCT_NAME = "$(TARGET_NAME)";
			};
			name = Release;
		};
/* End XCBuildConfiguration section */

/* Begin XCConfigurationList section */
		3FCCD7311DCB990200978C4A /* Build configuration list for PBXProject "Project Manager" */ = {
			isa = XCConfigurationList;
			buildConfigurations = (
				3FCCD7461DCB990300978C4A /* Debug */,
				3FCCD7471DCB990300978C4A /* Release */,
			);
			defaultConfigurationIsVisible = 0;
			defaultConfigurationName = Release;
		};
		3FCCD7481DCB990300978C4A /* Build configuration list for PBXNativeTarget "Project Manager" */ = {
			isa = XCConfigurationList;
			buildConfigurations = (
				3FCCD7491DCB990300978C4A /* Debug */,
				3FCCD74A1DCB990300978C4A /* Release */,
			);
			defaultConfigurationIsVisible = 0;
			defaultConfigurationName = Release;
		};
/* End XCConfigurationList section */
	};
	rootObject = 3FCCD72E1DCB990200978C4A /* Project object */;
}
